
Microsoft Visual Studio Solution File, Format Version 12.00
# Visual Studio 15
VisualStudioVersion = 15.0.28307.1062
MinimumVisualStudioVersion = 10.0.40219.1
Project("{FAE04EC0-301F-11D3-BF4B-00C04F79EFBC}") = "BertoniSolutionsTasks.Android", "BertoniSolutionsTasks\BertoniSolutionsTasks.Android\BertoniSolutionsTasks.Android.csproj", "{1423D153-E3E4-4947-BE5E-7C9DB6F6B733}"
EndProject
Project("{FAE04EC0-301F-11D3-BF4B-00C04F79EFBC}") = "BertoniSolutionsTasks.iOS", "BertoniSolutionsTasks\BertoniSolutionsTasks.iOS\BertoniSolutionsTasks.iOS.csproj", "{06006607-7AF6-4214-B79B-B8DFB71A4E96}"
EndProject
Project("{FAE04EC0-301F-11D3-BF4B-00C04F79EFBC}") = "BertoniSolutionsTasks", "BertoniSolutionsTasks\BertoniSolutionsTasks\BertoniSolutionsTasks.csproj", "{DCA63631-491B-4B4E-B1D1-7B1132A1431A}"
EndProject
Global
	GlobalSection(SolutionConfigurationPlatforms) = preSolution
		Ad-Hoc|Any CPU = Ad-Hoc|Any CPU
		Ad-Hoc|iPhone = Ad-Hoc|iPhone
		Ad-Hoc|iPhoneSimulator = Ad-Hoc|iPhoneSimulator
		AppStore|Any CPU = AppStore|Any CPU
		AppStore|iPhone = AppStore|iPhone
		AppStore|iPhoneSimulator = AppStore|iPhoneSimulator
		Debug|Any CPU = Debug|Any CPU
		Debug|iPhone = Debug|iPhone
		Debug|iPhoneSimulator = Debug|iPhoneSimulator
		Release|Any CPU = Release|Any CPU
		Release|iPhone = Release|iPhone
		Release|iPhoneSimulator = Release|iPhoneSimulator
	EndGlobalSection
	GlobalSection(ProjectConfigurationPlatforms) = postSolution
		{1423D153-E3E4-4947-BE5E-7C9DB6F6B733}.Ad-Hoc|Any CPU.ActiveCfg = Release|Any CPU
		{1423D153-E3E4-4947-BE5E-7C9DB6F6B733}.Ad-Hoc|Any CPU.Build.0 = Release|Any CPU
		{1423D153-E3E4-4947-BE5E-7C9DB6F6B733}.Ad-Hoc|Any CPU.Deploy.0 = Release|Any CPU
		{1423D153-E3E4-4947-BE5E-7C9DB6F6B733}.Ad-Hoc|iPhone.ActiveCfg = Release|Any CPU
		{1423D153-E3E4-4947-BE5E-7C9DB6F6B733}.Ad-Hoc|iPhone.Build.0 = Release|Any CPU
		{1423D153-E3E4-4947-BE5E-7C9DB6F6B733}.Ad-Hoc|iPhone.Deploy.0 = Release|Any CPU
		{1423D153-E3E4-4947-BE5E-7C9DB6F6B733}.Ad-Hoc|iPhoneSimulator.ActiveCfg = Release|Any CPU
		{1423D153-E3E4-4947-BE5E-7C9DB6F6B733}.Ad-Hoc|iPhoneSimulator.Build.0 = Release|Any CPU
		{1423D153-E3E4-4947-BE5E-7C9DB6F6B733}.Ad-Hoc|iPhoneSimulator.Deploy.0 = Release|Any CPU
		{1423D153-E3E4-4947-BE5E-7C9DB6F6B733}.AppStore|Any CPU.ActiveCfg = Release|Any CPU
		{1423D153-E3E4-4947-BE5E-7C9DB6F6B733}.AppStore|Any CPU.Build.0 = Release|Any CPU
		{1423D153-E3E4-4947-BE5E-7C9DB6F6B733}.AppStore|Any CPU.Deploy.0 = Release|Any CPU
		{1423D153-E3E4-4947-BE5E-7C9DB6F6B733}.AppStore|iPhone.ActiveCfg = Release|Any CPU
		{1423D153-E3E4-4947-BE5E-7C9DB6F6B733}.AppStore|iPhone.Build.0 = Release|Any CPU
		{1423D153-E3E4-4947-BE5E-7C9DB6F6B733}.AppStore|iPhone.Deploy.0 = Release|Any CPU
		{1423D153-E3E4-4947-BE5E-7C9DB6F6B733}.AppStore|iPhoneSimulator.ActiveCfg = Release|Any CPU
		{1423D153-E3E4-4947-BE5E-7C9DB6F6B733}.AppStore|iPhoneSimulator.Build.0 = Release|Any CPU
		{1423D153-E3E4-4947-BE5E-7C9DB6F6B733}.AppStore|iPhoneSimulator.Deploy.0 = Release|Any CPU
		{1423D153-E3E4-4947-BE5E-7C9DB6F6B733}.Debug|Any CPU.ActiveCfg = Debug|Any CPU
		{1423D153-E3E4-4947-BE5E-7C9DB6F6B733}.Debug|Any CPU.Build.0 = Debug|Any CPU
		{1423D153-E3E4-4947-BE5E-7C9DB6F6B733}.Debug|Any CPU.Deploy.0 = Debug|Any CPU
		{1423D153-E3E4-4947-BE5E-7C9DB6F6B733}.Debug|iPhone.ActiveCfg = Debug|Any CPU
		{1423D153-E3E4-4947-BE5E-7C9DB6F6B733}.Debug|iPhone.Build.0 = Debug|Any CPU
		{1423D153-E3E4-4947-BE5E-7C9DB6F6B733}.Debug|iPhone.Deploy.0 = Debug|Any CPU
		{1423D153-E3E4-4947-BE5E-7C9DB6F6B733}.Debug|iPhoneSimulator.ActiveCfg = Debug|Any CPU
		{1423D153-E3E4-4947-BE5E-7C9DB6F6B733}.Debug|iPhoneSimulator.Build.0 = Debug|Any CPU
		{1423D153-E3E4-4947-BE5E-7C9DB6F6B733}.Debug|iPhoneSimulator.Deploy.0 = Debug|Any CPU
		{1423D153-E3E4-4947-BE5E-7C9DB6F6B733}.Release|Any CPU.ActiveCfg = Release|Any CPU
		{1423D153-E3E4-4947-BE5E-7C9DB6F6B733}.Release|Any CPU.Build.0 = Release|Any CPU
		{1423D153-E3E4-4947-BE5E-7C9DB6F6B733}.Release|Any CPU.Deploy.0 = Release|Any CPU
		{1423D153-E3E4-4947-BE5E-7C9DB6F6B733}.Release|iPhone.ActiveCfg = Release|Any CPU
		{1423D153-E3E4-4947-BE5E-7C9DB6F6B733}.Release|iPhone.Build.0 = Release|Any CPU
		{1423D153-E3E4-4947-BE5E-7C9DB6F6B733}.Release|iPhone.Deploy.0 = Release|Any CPU
		{1423D153-E3E4-4947-BE5E-7C9DB6F6B733}.Release|iPhoneSimulator.ActiveCfg = Release|Any CPU
		{1423D153-E3E4-4947-BE5E-7C9DB6F6B733}.Release|iPhoneSimulator.Build.0 = Release|Any CPU
		{1423D153-E3E4-4947-BE5E-7C9DB6F6B733}.Release|iPhoneSimulator.Deploy.0 = Release|Any CPU
		{06006607-7AF6-4214-B79B-B8DFB71A4E96}.Ad-Hoc|Any CPU.ActiveCfg = Ad-Hoc|iPhone
		{06006607-7AF6-4214-B79B-B8DFB71A4E96}.Ad-Hoc|Any CPU.Build.0 = Ad-Hoc|iPhone
		{06006607-7AF6-4214-B79B-B8DFB71A4E96}.Ad-Hoc|Any CPU.Deploy.0 = Ad-Hoc|iPhone
		{06006607-7AF6-4214-B79B-B8DFB71A4E96}.Ad-Hoc|iPhone.ActiveCfg = Ad-Hoc|iPhone
		{06006607-7AF6-4214-B79B-B8DFB71A4E96}.Ad-Hoc|iPhone.Build.0 = Ad-Hoc|iPhone
		{06006607-7AF6-4214-B79B-B8DFB71A4E96}.Ad-Hoc|iPhone.Deploy.0 = Ad-Hoc|iPhone
		{06006607-7AF6-4214-B79B-B8DFB71A4E96}.Ad-Hoc|iPhoneSimulator.ActiveCfg = Ad-Hoc|iPhoneSimulator
		{06006607-7AF6-4214-B79B-B8DFB71A4E96}.Ad-Hoc|iPhoneSimulator.Build.0 = Ad-Hoc|iPhoneSimulator
		{06006607-7AF6-4214-B79B-B8DFB71A4E96}.Ad-Hoc|iPhoneSimulator.Deploy.0 = Ad-Hoc|iPhoneSimulator
		{06006607-7AF6-4214-B79B-B8DFB71A4E96}.AppStore|Any CPU.ActiveCfg = AppStore|iPhone
		{06006607-7AF6-4214-B79B-B8DFB71A4E96}.AppStore|Any CPU.Build.0 = AppStore|iPhone
		{06006607-7AF6-4214-B79B-B8DFB71A4E96}.AppStore|Any CPU.Deploy.0 = AppStore|iPhone
		{06006607-7AF6-4214-B79B-B8DFB71A4E96}.AppStore|iPhone.ActiveCfg = AppStore|iPhone
		{06006607-7AF6-4214-B79B-B8DFB71A4E96}.AppStore|iPhone.Build.0 = AppStore|iPhone
		{06006607-7AF6-4214-B79B-B8DFB71A4E96}.AppStore|iPhone.Deploy.0 = AppStore|iPhone
		{06006607-7AF6-4214-B79B-B8DFB71A4E96}.AppStore|iPhoneSimulator.ActiveCfg = AppStore|iPhoneSimulator
		{06006607-7AF6-4214-B79B-B8DFB71A4E96}.AppStore|iPhoneSimulator.Build.0 = AppStore|iPhoneSimulator
		{06006607-7AF6-4214-B79B-B8DFB71A4E96}.AppStore|iPhoneSimulator.Deploy.0 = AppStore|iPhoneSimulator
		{06006607-7AF6-4214-B79B-B8DFB71A4E96}.Debug|Any CPU.ActiveCfg = Debug|iPhoneSimulator
		{06006607-7AF6-4214-B79B-B8DFB71A4E96}.Debug|Any CPU.Build.0 = Debug|iPhoneSimulator
		{06006607-7AF6-4214-B79B-B8DFB71A4E96}.Debug|Any CPU.Deploy.0 = Debug|iPhoneSimulator
		{06006607-7AF6-4214-B79B-B8DFB71A4E96}.Debug|iPhone.ActiveCfg = Debug|iPhone
		{06006607-7AF6-4214-B79B-B8DFB71A4E96}.Debug|iPhone.Build.0 = Debug|iPhone
		{06006607-7AF6-4214-B79B-B8DFB71A4E96}.Debug|iPhone.Deploy.0 = Debug|iPhone
		{06006607-7AF6-4214-B79B-B8DFB71A4E96}.Debug|iPhoneSimulator.ActiveCfg = Debug|iPhoneSimulator
		{06006607-7AF6-4214-B79B-B8DFB71A4E96}.Debug|iPhoneSimulator.Build.0 = Debug|iPhoneSimulator
		{06006607-7AF6-4214-B79B-B8DFB71A4E96}.Debug|iPhoneSimulator.Deploy.0 = Debug|iPhoneSimulator
		{06006607-7AF6-4214-B79B-B8DFB71A4E96}.Release|Any CPU.ActiveCfg = Release|iPhone
		{06006607-7AF6-4214-B79B-B8DFB71A4E96}.Release|Any CPU.Build.0 = Release|iPhone
		{06006607-7AF6-4214-B79B-B8DFB71A4E96}.Release|Any CPU.Deploy.0 = Release|iPhone
		{06006607-7AF6-4214-B79B-B8DFB71A4E96}.Release|iPhone.ActiveCfg = Release|iPhone
		{06006607-7AF6-4214-B79B-B8DFB71A4E96}.Release|iPhone.Build.0 = Release|iPhone
		{06006607-7AF6-4214-B79B-B8DFB71A4E96}.Release|iPhone.Deploy.0 = Release|iPhone
		{06006607-7AF6-4214-B79B-B8DFB71A4E96}.Release|iPhoneSimulator.ActiveCfg = Release|iPhoneSimulator
		{06006607-7AF6-4214-B79B-B8DFB71A4E96}.Release|iPhoneSimulator.Build.0 = Release|iPhoneSimulator
		{06006607-7AF6-4214-B79B-B8DFB71A4E96}.Release|iPhoneSimulator.Deploy.0 = Release|iPhoneSimulator
		{DCA63631-491B-4B4E-B1D1-7B1132A1431A}.Ad-Hoc|Any CPU.ActiveCfg = Debug|Any CPU
		{DCA63631-491B-4B4E-B1D1-7B1132A1431A}.Ad-Hoc|Any CPU.Build.0 = Debug|Any CPU
		{DCA63631-491B-4B4E-B1D1-7B1132A1431A}.Ad-Hoc|Any CPU.Deploy.0 = Debug|Any CPU
		{DCA63631-491B-4B4E-B1D1-7B1132A1431A}.Ad-Hoc|iPhone.ActiveCfg = Debug|Any CPU
		{DCA63631-491B-4B4E-B1D1-7B1132A1431A}.Ad-Hoc|iPhone.Build.0 = Debug|Any CPU
		{DCA63631-491B-4B4E-B1D1-7B1132A1431A}.Ad-Hoc|iPhone.Deploy.0 = Debug|Any CPU
		{DCA63631-491B-4B4E-B1D1-7B1132A1431A}.Ad-Hoc|iPhoneSimulator.ActiveCfg = Debug|Any CPU
		{DCA63631-491B-4B4E-B1D1-7B1132A1431A}.Ad-Hoc|iPhoneSimulator.Build.0 = Debug|Any CPU
		{DCA63631-491B-4B4E-B1D1-7B1132A1431A}.Ad-Hoc|iPhoneSimulator.Deploy.0 = Debug|Any CPU
		{DCA63631-491B-4B4E-B1D1-7B1132A1431A}.AppStore|Any CPU.ActiveCfg = Debug|Any CPU
		{DCA63631-491B-4B4E-B1D1-7B1132A1431A}.AppStore|Any CPU.Build.0 = Debug|Any CPU
		{DCA63631-491B-4B4E-B1D1-7B1132A1431A}.AppStore|Any CPU.Deploy.0 = Debug|Any CPU
		{DCA63631-491B-4B4E-B1D1-7B1132A1431A}.AppStore|iPhone.ActiveCfg = Debug|Any CPU
		{DCA63631-491B-4B4E-B1D1-7B1132A1431A}.AppStore|iPhone.Build.0 = Debug|Any CPU
		{DCA63631-491B-4B4E-B1D1-7B1132A1431A}.AppStore|iPhone.Deploy.0 = Debug|Any CPU
		{DCA63631-491B-4B4E-B1D1-7B1132A1431A}.AppStore|iPhoneSimulator.ActiveCfg = Debug|Any CPU
		{DCA63631-491B-4B4E-B1D1-7B1132A1431A}.AppStore|iPhoneSimulator.Build.0 = Debug|Any CPU
		{DCA63631-491B-4B4E-B1D1-7B1132A1431A}.AppStore|iPhoneSimulator.Deploy.0 = Debug|Any CPU
		{DCA63631-491B-4B4E-B1D1-7B1132A1431A}.Debug|Any CPU.ActiveCfg = Debug|Any CPU
		{DCA63631-491B-4B4E-B1D1-7B1132A1431A}.Debug|Any CPU.Build.0 = Debug|Any CPU
		{DCA63631-491B-4B4E-B1D1-7B1132A1431A}.Debug|Any CPU.Deploy.0 = Debug|Any CPU
		{DCA63631-491B-4B4E-B1D1-7B1132A1431A}.Debug|iPhone.ActiveCfg = Debug|Any CPU
		{DCA63631-491B-4B4E-B1D1-7B1132A1431A}.Debug|iPhone.Build.0 = Debug|Any CPU
		{DCA63631-491B-4B4E-B1D1-7B1132A1431A}.Debug|iPhone.Deploy.0 = Debug|Any CPU
		{DCA63631-491B-4B4E-B1D1-7B1132A1431A}.Debug|iPhoneSimulator.ActiveCfg = Debug|Any CPU
		{DCA63631-491B-4B4E-B1D1-7B1132A1431A}.Debug|iPhoneSimulator.Build.0 = Debug|Any CPU
		{DCA63631-491B-4B4E-B1D1-7B1132A1431A}.Debug|iPhoneSimulator.Deploy.0 = Debug|Any CPU
		{DCA63631-491B-4B4E-B1D1-7B1132A1431A}.Release|Any CPU.ActiveCfg = Release|Any CPU
		{DCA63631-491B-4B4E-B1D1-7B1132A1431A}.Release|Any CPU.Build.0 = Release|Any CPU
		{DCA63631-491B-4B4E-B1D1-7B1132A1431A}.Release|Any CPU.Deploy.0 = Release|Any CPU
		{DCA63631-491B-4B4E-B1D1-7B1132A1431A}.Release|iPhone.ActiveCfg = Release|Any CPU
		{DCA63631-491B-4B4E-B1D1-7B1132A1431A}.Release|iPhone.Build.0 = Release|Any CPU
		{DCA63631-491B-4B4E-B1D1-7B1132A1431A}.Release|iPhone.Deploy.0 = Release|Any CPU
		{DCA63631-491B-4B4E-B1D1-7B1132A1431A}.Release|iPhoneSimulator.ActiveCfg = Release|Any CPU
		{DCA63631-491B-4B4E-B1D1-7B1132A1431A}.Release|iPhoneSimulator.Build.0 = Release|Any CPU
		{DCA63631-491B-4B4E-B1D1-7B1132A1431A}.Release|iPhoneSimulator.Deploy.0 = Release|Any CPU
	EndGlobalSection
	GlobalSection(SolutionProperties) = preSolution
		HideSolutionNode = FALSE
	EndGlobalSection
	GlobalSection(ExtensibilityGlobals) = postSolution
		SolutionGuid = {CF0502E4-D46D-44EF-ADC9-2768846589CC}
	EndGlobalSection
EndGlobal
